
Microsoft Visual Studio Solution File, Format Version 12.00
# Visual Studio Version 17
VisualStudioVersion = 17.14.36127.28
MinimumVisualStudioVersion = 10.0.40219.1
Project("{FAE04EC0-301F-11D3-BF4B-00C04F79EFBC}") = "MoviesApp.WebApi", "MoviesApp.WebApi\MoviesApp.WebApi.csproj", "{1019DF43-5EE0-44A4-9EDA-BA5DA580D4B9}"
EndProject
Project("{FAE04EC0-301F-11D3-BF4B-00C04F79EFBC}") = "MoviesApp.Model", "MoviesApp.Model\MoviesApp.Model.csproj", "{592C3D29-1FA5-14DC-72AA-B6A003582135}"
EndProject
Project("{FAE04EC0-301F-11D3-BF4B-00C04F79EFBC}") = "MoviesApp.Repository", "MoviesApp.Repository\MoviesApp.Repository.csproj", "{A38EB920-E9E4-4AAB-0F1F-F8BE5B4BA7BE}"
EndProject
Project("{FAE04EC0-301F-11D3-BF4B-00C04F79EFBC}") = "MoviesApp.Service", "MoviesApp.Service\MoviesApp.Service.csproj", "{90C539FB-AEA1-A74F-A224-26C422AB584A}"
EndProject
Project("{FAE04EC0-301F-11D3-BF4B-00C04F79EFBC}") = "MoviesApp.Repository.Common", "MoviesApp.Repository.Common\MoviesApp.Repository.Common.csproj", "{207ED37B-073D-4537-901E-C244791C3177}"
EndProject
Project("{FAE04EC0-301F-11D3-BF4B-00C04F79EFBC}") = "MoviesApp.Service.Common", "MoviesApp.Service.Common\MoviesApp.Service.Common.csproj", "{3570DF54-7DF0-474C-8F03-77F78E525CAE}"
EndProject
Global
	GlobalSection(SolutionConfigurationPlatforms) = preSolution
		Debug|Any CPU = Debug|Any CPU
		Release|Any CPU = Release|Any CPU
	EndGlobalSection
	GlobalSection(ProjectConfigurationPlatforms) = postSolution
		{1019DF43-5EE0-44A4-9EDA-BA5DA580D4B9}.Debug|Any CPU.ActiveCfg = Debug|Any CPU
		{1019DF43-5EE0-44A4-9EDA-BA5DA580D4B9}.Debug|Any CPU.Build.0 = Debug|Any CPU
		{1019DF43-5EE0-44A4-9EDA-BA5DA580D4B9}.Release|Any CPU.ActiveCfg = Release|Any CPU
		{1019DF43-5EE0-44A4-9EDA-BA5DA580D4B9}.Release|Any CPU.Build.0 = Release|Any CPU
		{592C3D29-1FA5-14DC-72AA-B6A003582135}.Debug|Any CPU.ActiveCfg = Debug|Any CPU
		{592C3D29-1FA5-14DC-72AA-B6A003582135}.Debug|Any CPU.Build.0 = Debug|Any CPU
		{592C3D29-1FA5-14DC-72AA-B6A003582135}.Release|Any CPU.ActiveCfg = Release|Any CPU
		{592C3D29-1FA5-14DC-72AA-B6A003582135}.Release|Any CPU.Build.0 = Release|Any CPU
		{A38EB920-E9E4-4AAB-0F1F-F8BE5B4BA7BE}.Debug|Any CPU.ActiveCfg = Debug|Any CPU
		{A38EB920-E9E4-4AAB-0F1F-F8BE5B4BA7BE}.Debug|Any CPU.Build.0 = Debug|Any CPU
		{A38EB920-E9E4-4AAB-0F1F-F8BE5B4BA7BE}.Release|Any CPU.ActiveCfg = Release|Any CPU
		{A38EB920-E9E4-4AAB-0F1F-F8BE5B4BA7BE}.Release|Any CPU.Build.0 = Release|Any CPU
		{90C539FB-AEA1-A74F-A224-26C422AB584A}.Debug|Any CPU.ActiveCfg = Debug|Any CPU
		{90C539FB-AEA1-A74F-A224-26C422AB584A}.Debug|Any CPU.Build.0 = Debug|Any CPU
		{90C539FB-AEA1-A74F-A224-26C422AB584A}.Release|Any CPU.ActiveCfg = Release|Any CPU
		{90C539FB-AEA1-A74F-A224-26C422AB584A}.Release|Any CPU.Build.0 = Release|Any CPU
		{207ED37B-073D-4537-901E-C244791C3177}.Debug|Any CPU.ActiveCfg = Debug|Any CPU
		{207ED37B-073D-4537-901E-C244791C3177}.Debug|Any CPU.Build.0 = Debug|Any CPU
		{207ED37B-073D-4537-901E-C244791C3177}.Release|Any CPU.ActiveCfg = Release|Any CPU
		{207ED37B-073D-4537-901E-C244791C3177}.Release|Any CPU.Build.0 = Release|Any CPU
		{3570DF54-7DF0-474C-8F03-77F78E525CAE}.Debug|Any CPU.ActiveCfg = Debug|Any CPU
		{3570DF54-7DF0-474C-8F03-77F78E525CAE}.Debug|Any CPU.Build.0 = Debug|Any CPU
		{3570DF54-7DF0-474C-8F03-77F78E525CAE}.Release|Any CPU.ActiveCfg = Release|Any CPU
		{3570DF54-7DF0-474C-8F03-77F78E525CAE}.Release|Any CPU.Build.0 = Release|Any CPU
	EndGlobalSection
	GlobalSection(SolutionProperties) = preSolution
		HideSolutionNode = FALSE
	EndGlobalSection
	GlobalSection(ExtensibilityGlobals) = postSolution
		SolutionGuid = {18CFA820-01EB-44B1-929D-39C6E1EB7E3D}
	EndGlobalSection
EndGlobal
